{
  "name": "@forest/credits",
  "version": "0.0.0",
  "lockfileVersion": 3,
  "requires": true,
  "packages": {
    "": {
      "name": "@forest/credits",
      "version": "0.0.0",
      "license": "Apache-2.0",
      "dependencies": {
        "@cloudflare/privacypass-ts": "0.9.0",
        "@scure/base": "2.4.0"
      },
      "devDependencies": {
        "@types/node": "22.20.2",
        "typescript": "5.9.3"
      },
      "engines": {
        "node": ">=22.18"
      }
    },
    "node_modules/@cloudflare/blindrsa-ts": {
      "version": "0.4.5",
      "resolved": "https://registry.npmjs.org/@cloudflare/blindrsa-ts/-/blindrsa-ts-0.4.5.tgz",
      "integrity": "sha512-fwVlqM/tWdic+rmDlRUxjo442R1p7ac5j9H2kmif7xzYD4RPvzh0yaEW/RooP6tYV78QOos3Iq1PKYQTJyLa8g==",
      "license": "Apache-2.0",
      "dependencies": {
        "sjcl": "1.0.8"
      },
      "engines": {
        "node": ">=24"
      }
    },
    "node_modules/@cloudflare/privacypass-ts": {
      "version": "0.9.0",
      "resolved": "https://registry.npmjs.org/@cloudflare/privacypass-ts/-/privacypass-ts-0.9.0.tgz",
      "integrity": "sha512-vePkwIJqZsqWUtSKlQ/pqpdSGNZzq6bktnAR81+6jV9NATVTIDEFRbdkQPYdfC+Jv55HD64shCzbPGcBqyW79g==",
      "license": "Apache-2.0",
      "dependencies": {
        "@cloudflare/blindrsa-ts": "0.4.5",
        "@cloudflare/voprf-ts": "1.0.0",
        "asn1-parser": "1.1.8",
        "asn1js": "3.0.5",
        "quicvarint": "0.1.4",
        "rfc4648": "1.5.3"
      },
      "engines": {
        "node": ">=20"
      }
    },
    "node_modules/@cloudflare/voprf-ts": {
      "version": "1.0.0",
      "resolved": "https://registry.npmjs.org/@cloudflare/voprf-ts/-/voprf-ts-1.0.0.tgz",
      "integrity": "sha512-OvvWlnm5bjwPr7KaJ8MItQDaMz4DgN6BuOO3x/WXLVqCwM4rn6H/8Mgdbxq2XAEAi3BAh58XWDlAfmHL+AZTBA==",
      "license": "BSD-3-Clause",
      "engines": {
        "node": ">=20"
      },
      "optionalDependencies": {
        "@noble/curves": "1.5.0",
        "@noble/hashes": "1.4.0"
      }
    },
    "node_modules/@noble/curves": {
      "version": "1.5.0",
      "resolved": "https://registry.npmjs.org/@noble/curves/-/curves-1.5.0.tgz",
      "integrity": "sha512-J5EKamIHnKPyClwVrzmaf5wSdQXgdHcPZIZLu3bwnbeCx8/7NPK5q2ZBWF+5FvYGByjiQQsJYX6jfgB2wDPn3A==",
      "license": "MIT",
      "optional": true,
      "dependencies": {
        "@noble/hashes": "1.4.0"
      },
      "funding": {
        "url": "https://paulmillr.com/funding/"
      }
    },
    "node_modules/@noble/hashes": {
      "version": "1.4.0",
      "resolved": "https://registry.npmjs.org/@noble/hashes/-/hashes-1.4.0.tgz",
      "integrity": "sha512-V1JJ1WTRUqHHrOSh597hURcMqVKVGL/ea3kv0gSnEdsEZ0/+VyPghM1lMNGc00z7CIQorSvbKpuJkxvuHbvdbg==",
      "license": "MIT",
      "optional": true,
      "engines": {
        "node": ">= 16"
      },
      "funding": {
        "url": "https://paulmillr.com/funding/"
      }
    },
    "node_modules/@scure/base": {
      "version": "2.4.0",
      "resolved": "https://registry.npmjs.org/@scure/base/-/base-2.4.0.tgz",
      "integrity": "sha512-thZ1TuJwFwBblOhgsjDKvvGirBxNp+wSvY/DR6tJBJOTDhdAAcHJ8Vbr2eFnqaxeca4+t0i9KBf+uHYGWwZORg==",
      "license": "MIT",
      "funding": {
        "url": "https://paulmillr.com/funding/"
      }
    },
    "node_modules/@types/node": {
      "version": "22.20.2",
      "resolved": "https://registry.npmjs.org/@types/node/-/node-22.20.2.tgz",
      "integrity": "sha512-xlvWf4Vs9n1PEVYwP1n4vvG07M6y8WgvJ2t0vbrWTmijsIHp1cS+uJ2kMIRdY3nHZK0nCYKrPeD171+SzF4/zw==",
      "dev": true,
      "license": "MIT",
      "dependencies": {
        "undici-types": "~6.21.0"
      }
    },
    "node_modules/asn1-parser": {
      "version": "1.1.8",
      "resolved": "https://registry.npmjs.org/asn1-parser/-/asn1-parser-1.1.8.tgz",
      "integrity": "sha512-3aYtVA7yzCK7r+qbBzpvzcq53kz7IRfGWTObbAGZieTj+By8wbSGSncZO7TztQ5UXrHELCesUIlJGD4JJcUAsA==",
      "license": "MPL-2.0"
    },
    "node_modules/asn1js": {
      "version": "3.0.5",
      "resolved": "https://registry.npmjs.org/asn1js/-/asn1js-3.0.5.tgz",
      "integrity": "sha512-FVnvrKJwpt9LP2lAMl8qZswRNm3T4q9CON+bxldk2iwk3FFpuwhx2FfinyitizWHsVYyaY+y5JzDR0rCMV5yTQ==",
      "license": "BSD-3-Clause",
      "dependencies": {
        "pvtsutils": "^1.3.2",
        "pvutils": "^1.1.3",
        "tslib": "^2.4.0"
      },
      "engines": {
        "node": ">=12.0.0"
      }
    },
    "node_modules/pvtsutils": {
      "version": "1.3.6",
      "resolved": "https://registry.npmjs.org/pvtsutils/-/pvtsutils-1.3.6.tgz",
      "integrity": "sha512-PLgQXQ6H2FWCaeRak8vvk1GW462lMxB5s3Jm673N82zI4vqtVUPuZdffdZbPDFRoU8kAhItWFtPCWiPpp4/EDg==",
      "license": "MIT",
      "dependencies": {
        "tslib": "^2.8.1"
      }
    },
    "node_modules/pvutils": {
      "version": "1.2.0",
      "resolved": "https://registry.npmjs.org/pvutils/-/pvutils-1.2.0.tgz",
      "integrity": "sha512-BbubeCEyTuQjVMakvJQ/Sxbc93F2pwmbsxONT/ZRrwU7Ua38d8unYTwXpTVLAKJ4BDuH9IGztCjQcd/N/39Dvg==",
      "license": "MIT",
      "engines": {
        "node": ">=16.0.0"
      }
    },
    "node_modules/quicvarint": {
      "version": "0.1.4",
      "resolved": "https://registry.npmjs.org/quicvarint/-/quicvarint-0.1.4.tgz",
      "integrity": "sha512-Khpzdux2Ugx6SmD+scyxktiwmZWcWg1t6su1AjZMNgKuoieCQxxbmDReEN1poeKRr25N7mulsBEAb/KdQVhDDQ==",
      "license": "MIT"
    },
    "node_modules/rfc4648": {
      "version": "1.5.3",
      "resolved": "https://registry.npmjs.org/rfc4648/-/rfc4648-1.5.3.tgz",
      "integrity": "sha512-MjOWxM065+WswwnmNONOT+bD1nXzY9Km6u3kzvnx8F8/HXGZdz3T6e6vZJ8Q/RIMUSp/nxqjH3GwvJDy8ijeQQ==",
      "license": "MIT"
    },
    "node_modules/sjcl": {
      "version": "1.0.8",
      "resolved": "https://registry.npmjs.org/sjcl/-/sjcl-1.0.8.tgz",
      "integrity": "sha512-LzIjEQ0S0DpIgnxMEayM1rq9aGwGRG4OnZhCdjx7glTaJtf4zRfpg87ImfjSJjoW9vKpagd82McDOwbRT5kQKQ==",
      "license": "(BSD-2-Clause OR GPL-2.0-only)",
      "engines": {
        "node": "*"
      }
    },
    "node_modules/tslib": {
      "version": "2.8.1",
      "resolved": "https://registry.npmjs.org/tslib/-/tslib-2.8.1.tgz",
      "integrity": "sha512-oJFu94HQb+KVduSUQL7wnpmqnfmLsOA/nAh6b6EH0wCEoK0/mPeXU6c3wKDV83MkOuHPRHtSXKKU99IBazS/2w==",
      "license": "0BSD"
    },
    "node_modules/typescript": {
      "version": "5.9.3",
      "resolved": "https://registry.npmjs.org/typescript/-/typescript-5.9.3.tgz",
      "integrity": "sha512-jl1vZzPDinLr9eUt3J/t7V6FgNEw9QjvBPdysz9KfQDD41fQrC2Y4vKQdiaUpFT4bXlb1RHhLpp8wtm6M5TgSw==",
      "dev": true,
      "license": "Apache-2.0",
      "bin": {
        "tsc": "bin/tsc",
        "tsserver": "bin/tsserver"
      },
      "engines": {
        "node": ">=14.17"
      }
    },
    "node_modules/undici-types": {
      "version": "6.21.0",
      "resolved": "https://registry.npmjs.org/undici-types/-/undici-types-6.21.0.tgz",
      "integrity": "sha512-iwDZqg0QAGrg9Rav5H4n0M64c3mkR59cJ6wQp+7C4nI0gsmExaedaYLNO44eT4AtBBwjbTiGPMlt2Md0T9H9JQ==",
      "dev": true,
      "license": "MIT"
    }
  }
}
